
Microsoft Visual Studio Solution File, Format Version 12.00
# Visual Studio Version 17
VisualStudioVersion = 17.4.33205.214
MinimumVisualStudioVersion = 10.0.40219.1
Project("{9A19103F-16F7-4668-BE54-9A1E7A4F7556}") = "API.Gateway", "API.Gateway\API.Gateway.csproj", "{0CC5BDDB-284B-4439-95E8-E2DF0BB7AE04}"
EndProject
Project("{FAE04EC0-301F-11D3-BF4B-00C04F79EFBC}") = "Kafka.Consumer", "Kafka.Consumer\Kafka.Consumer.csproj", "{568B3ADE-2E04-4499-9394-4AB139C2D797}"
EndProject
Global
	GlobalSection(SolutionConfigurationPlatforms) = preSolution
		Debug|Any CPU = Debug|Any CPU
		Release|Any CPU = Release|Any CPU
	EndGlobalSection
	GlobalSection(ProjectConfigurationPlatforms) = postSolution
		{0CC5BDDB-284B-4439-95E8-E2DF0BB7AE04}.Debug|Any CPU.ActiveCfg = Debug|Any CPU
		{0CC5BDDB-284B-4439-95E8-E2DF0BB7AE04}.Debug|Any CPU.Build.0 = Debug|Any CPU
		{0CC5BDDB-284B-4439-95E8-E2DF0BB7AE04}.Release|Any CPU.ActiveCfg = Release|Any CPU
		{0CC5BDDB-284B-4439-95E8-E2DF0BB7AE04}.Release|Any CPU.Build.0 = Release|Any CPU
		{568B3ADE-2E04-4499-9394-4AB139C2D797}.Debug|Any CPU.ActiveCfg = Debug|Any CPU
		{568B3ADE-2E04-4499-9394-4AB139C2D797}.Debug|Any CPU.Build.0 = Debug|Any CPU
		{568B3ADE-2E04-4499-9394-4AB139C2D797}.Release|Any CPU.ActiveCfg = Release|Any CPU
		{568B3ADE-2E04-4499-9394-4AB139C2D797}.Release|Any CPU.Build.0 = Release|Any CPU
	EndGlobalSection
	GlobalSection(SolutionProperties) = preSolution
		HideSolutionNode = FALSE
	EndGlobalSection
	GlobalSection(ExtensibilityGlobals) = postSolution
		SolutionGuid = {DB579568-DC5F-48CE-9E84-98EDD8B7E0C1}
	EndGlobalSection
EndGlobal
